
Microsoft Visual Studio Solution File, Format Version 12.00
# Visual Studio Version 16
VisualStudioVersion = 16.0.30717.126
MinimumVisualStudioVersion = 10.0.40219.1
Project("{FAE04EC0-301F-11D3-BF4B-00C04F79EFBC}") = "BabyLeaveCalculator", "BabyLeaveCalculator.csproj", "{7869B548-2E84-4C28-84E3-3B996CCA2AC1}"
EndProject
Global
	GlobalSection(SolutionConfigurationPlatforms) = preSolution
		Debug|Any CPU = Debug|Any CPU
		Release|Any CPU = Release|Any CPU
	EndGlobalSection
	GlobalSection(ProjectConfigurationPlatforms) = postSolution
		{7869B548-2E84-4C28-84E3-3B996CCA2AC1}.Debug|Any CPU.ActiveCfg = Debug|Any CPU
		{7869B548-2E84-4C28-84E3-3B996CCA2AC1}.Debug|Any CPU.Build.0 = Debug|Any CPU
		{7869B548-2E84-4C28-84E3-3B996CCA2AC1}.Release|Any CPU.ActiveCfg = Release|Any CPU
		{7869B548-2E84-4C28-84E3-3B996CCA2AC1}.Release|Any CPU.Build.0 = Release|Any CPU
	EndGlobalSection
	GlobalSection(SolutionProperties) = preSolution
		HideSolutionNode = FALSE
	EndGlobalSection
	GlobalSection(ExtensibilityGlobals) = postSolution
		SolutionGuid = {BB996368-CA15-46C8-9BF7-28BBC81AE8F9}
	EndGlobalSection
EndGlobal
